
Microsoft Visual Studio Solution File, Format Version 12.00
# Visual Studio Version 16
VisualStudioVersion = 16.0.30907.101
MinimumVisualStudioVersion = 10.0.40219.1
Project("{FAE04EC0-301F-11D3-BF4B-00C04F79EFBC}") = "SecureConfigOnly", "SecureConfigOnly\SecureConfigOnly.csproj", "{7191E847-9A93-430B-8F74-CF689B7D8F93}"
EndProject
Project("{FAE04EC0-301F-11D3-BF4B-00C04F79EFBC}") = "SecureConfiguration", "SecureConfiguration\SecureConfiguration.csproj", "{77419CF3-C46B-45E5-AC4F-E86C9B72E42F}"
EndProject
Project("{FAE04EC0-301F-11D3-BF4B-00C04F79EFBC}") = "SecureHostBuilderHelper", "HostBuilderHelper\SecureHostBuilderHelper.csproj", "{0F70048E-B6ED-45DF-8648-26AA9C099038}"
EndProject
Global
	GlobalSection(SolutionConfigurationPlatforms) = preSolution
		Debug|Any CPU = Debug|Any CPU
		Release|Any CPU = Release|Any CPU
	EndGlobalSection
	GlobalSection(ProjectConfigurationPlatforms) = postSolution
		{7191E847-9A93-430B-8F74-CF689B7D8F93}.Debug|Any CPU.ActiveCfg = Debug|Any CPU
		{7191E847-9A93-430B-8F74-CF689B7D8F93}.Debug|Any CPU.Build.0 = Debug|Any CPU
		{7191E847-9A93-430B-8F74-CF689B7D8F93}.Release|Any CPU.ActiveCfg = Release|Any CPU
		{7191E847-9A93-430B-8F74-CF689B7D8F93}.Release|Any CPU.Build.0 = Release|Any CPU
		{77419CF3-C46B-45E5-AC4F-E86C9B72E42F}.Debug|Any CPU.ActiveCfg = Debug|Any CPU
		{77419CF3-C46B-45E5-AC4F-E86C9B72E42F}.Debug|Any CPU.Build.0 = Debug|Any CPU
		{77419CF3-C46B-45E5-AC4F-E86C9B72E42F}.Release|Any CPU.ActiveCfg = Release|Any CPU
		{77419CF3-C46B-45E5-AC4F-E86C9B72E42F}.Release|Any CPU.Build.0 = Release|Any CPU
		{0F70048E-B6ED-45DF-8648-26AA9C099038}.Debug|Any CPU.ActiveCfg = Debug|Any CPU
		{0F70048E-B6ED-45DF-8648-26AA9C099038}.Debug|Any CPU.Build.0 = Debug|Any CPU
		{0F70048E-B6ED-45DF-8648-26AA9C099038}.Release|Any CPU.ActiveCfg = Release|Any CPU
		{0F70048E-B6ED-45DF-8648-26AA9C099038}.Release|Any CPU.Build.0 = Release|Any CPU
	EndGlobalSection
	GlobalSection(SolutionProperties) = preSolution
		HideSolutionNode = FALSE
	EndGlobalSection
	GlobalSection(ExtensibilityGlobals) = postSolution
		SolutionGuid = {0776278A-0E04-46B2-93BC-75094E193524}
	EndGlobalSection
EndGlobal
